
Microsoft Visual Studio Solution File, Format Version 12.00
# Visual Studio Version 17
VisualStudioVersion = 17.13.35931.197 d17.13
MinimumVisualStudioVersion = 10.0.40219.1
Project("{2150E333-8FDC-42A3-9474-1A3956D46DE8}") = "Src", "Src", "{02EA681E-C7D8-13C7-8484-4AC65E1B71E8}"
EndProject
Project("{FAE04EC0-301F-11D3-BF4B-00C04F79EFBC}") = "MehmetHairDesigner.Server.WebAPI", "MehmetHairDesigner.Server.WebAPI\MehmetHairDesigner.Server.WebAPI.csproj", "{22A994AD-8F3A-4AF3-A571-24CF66AC07BA}"
EndProject
Project("{FAE04EC0-301F-11D3-BF4B-00C04F79EFBC}") = "MehmetHairDesigner.Server.Domain", "MehmetHairDesigner.Server.Domain\MehmetHairDesigner.Server.Domain.csproj", "{4FA4282D-D1DF-4DEA-8910-B844DB46C9D3}"
EndProject
Project("{FAE04EC0-301F-11D3-BF4B-00C04F79EFBC}") = "MehmetHairDesigner.Server.Application", "MehmetHairDesigner.Server.Application\MehmetHairDesigner.Server.Application.csproj", "{C4962DCE-5E06-4888-A56C-458CCAF6851F}"
EndProject
Project("{FAE04EC0-301F-11D3-BF4B-00C04F79EFBC}") = "MehmetHairDesigner.Server.Infrastructure", "MehmetHairDesigner.Server.Infrastructure\MehmetHairDesigner.Server.Infrastructure.csproj", "{A094DC69-DA6E-4F20-B342-6EC1F5E09339}"
EndProject
Global
	GlobalSection(SolutionConfigurationPlatforms) = preSolution
		Debug|Any CPU = Debug|Any CPU
		Release|Any CPU = Release|Any CPU
	EndGlobalSection
	GlobalSection(ProjectConfigurationPlatforms) = postSolution
		{22A994AD-8F3A-4AF3-A571-24CF66AC07BA}.Debug|Any CPU.ActiveCfg = Debug|Any CPU
		{22A994AD-8F3A-4AF3-A571-24CF66AC07BA}.Debug|Any CPU.Build.0 = Debug|Any CPU
		{22A994AD-8F3A-4AF3-A571-24CF66AC07BA}.Release|Any CPU.ActiveCfg = Release|Any CPU
		{22A994AD-8F3A-4AF3-A571-24CF66AC07BA}.Release|Any CPU.Build.0 = Release|Any CPU
		{4FA4282D-D1DF-4DEA-8910-B844DB46C9D3}.Debug|Any CPU.ActiveCfg = Debug|Any CPU
		{4FA4282D-D1DF-4DEA-8910-B844DB46C9D3}.Debug|Any CPU.Build.0 = Debug|Any CPU
		{4FA4282D-D1DF-4DEA-8910-B844DB46C9D3}.Release|Any CPU.ActiveCfg = Release|Any CPU
		{4FA4282D-D1DF-4DEA-8910-B844DB46C9D3}.Release|Any CPU.Build.0 = Release|Any CPU
		{C4962DCE-5E06-4888-A56C-458CCAF6851F}.Debug|Any CPU.ActiveCfg = Debug|Any CPU
		{C4962DCE-5E06-4888-A56C-458CCAF6851F}.Debug|Any CPU.Build.0 = Debug|Any CPU
		{C4962DCE-5E06-4888-A56C-458CCAF6851F}.Release|Any CPU.ActiveCfg = Release|Any CPU
		{C4962DCE-5E06-4888-A56C-458CCAF6851F}.Release|Any CPU.Build.0 = Release|Any CPU
		{A094DC69-DA6E-4F20-B342-6EC1F5E09339}.Debug|Any CPU.ActiveCfg = Debug|Any CPU
		{A094DC69-DA6E-4F20-B342-6EC1F5E09339}.Debug|Any CPU.Build.0 = Debug|Any CPU
		{A094DC69-DA6E-4F20-B342-6EC1F5E09339}.Release|Any CPU.ActiveCfg = Release|Any CPU
		{A094DC69-DA6E-4F20-B342-6EC1F5E09339}.Release|Any CPU.Build.0 = Release|Any CPU
	EndGlobalSection
	GlobalSection(SolutionProperties) = preSolution
		HideSolutionNode = FALSE
	EndGlobalSection
	GlobalSection(NestedProjects) = preSolution
		{22A994AD-8F3A-4AF3-A571-24CF66AC07BA} = {02EA681E-C7D8-13C7-8484-4AC65E1B71E8}
		{4FA4282D-D1DF-4DEA-8910-B844DB46C9D3} = {02EA681E-C7D8-13C7-8484-4AC65E1B71E8}
		{C4962DCE-5E06-4888-A56C-458CCAF6851F} = {02EA681E-C7D8-13C7-8484-4AC65E1B71E8}
		{A094DC69-DA6E-4F20-B342-6EC1F5E09339} = {02EA681E-C7D8-13C7-8484-4AC65E1B71E8}
	EndGlobalSection
	GlobalSection(ExtensibilityGlobals) = postSolution
		SolutionGuid = {DC480BB5-214C-49D1-B148-44BDE7EF91F9}
	EndGlobalSection
EndGlobal
